{
  "name": "raiwand-project",
  "version": "1.0.0",
  "lockfileVersion": 3,
  "requires": true,
  "packages": {
    "": {
      "name": "raiwand-project",
      "version": "1.0.0",
      "dependencies": {
        "@firebase/app": "^0.6.28",
        "@firebase/database": "^0.12.4",
        "chart.js": "^4.4.3",
        "chartjs-adapter-date-fns": "^3.0.0"
      }
    },
    "node_modules/@firebase/app": {
      "version": "0.6.30",
      "resolved": "https://registry.npmjs.org/@firebase/app/-/app-0.6.30.tgz",
      "integrity": "sha512-uAYEDXyK0mmpZ8hWQj5TNd7WVvfsU8PgsqKpGljbFBG/HhsH8KbcykWAAA+c1PqL7dt/dbt0Reh1y9zEdYzMhg==",
      "dependencies": {
        "@firebase/app-types": "0.6.3",
        "@firebase/component": "0.5.6",
        "@firebase/logger": "0.2.6",
        "@firebase/util": "1.3.0",
        "dom-storage": "2.1.0",
        "tslib": "^2.1.0",
        "xmlhttprequest": "1.8.0"
      }
    },
    "node_modules/@firebase/app-types": {
      "version": "0.6.3",
      "resolved": "https://registry.npmjs.org/@firebase/app-types/-/app-types-0.6.3.tgz",
      "integrity": "sha512-/M13DPPati7FQHEQ9Minjk1HGLm/4K4gs9bR4rzLCWJg64yGtVC0zNg9gDpkw9yc2cvol/mNFxqTtd4geGrwdw=="
    },
    "node_modules/@firebase/auth-interop-types": {
      "version": "0.1.6",
      "resolved": "https://registry.npmjs.org/@firebase/auth-interop-types/-/auth-interop-types-0.1.6.tgz",
      "integrity": "sha512-etIi92fW3CctsmR9e3sYM3Uqnoq861M0Id9mdOPF6PWIg38BXL5k4upCNBggGUpLIS0H1grMOvy/wn1xymwe2g==",
      "peerDependencies": {
        "@firebase/app-types": "0.x",
        "@firebase/util": "1.x"
      }
    },
    "node_modules/@firebase/component": {
      "version": "0.5.6",
      "resolved": "https://registry.npmjs.org/@firebase/component/-/component-0.5.6.tgz",
      "integrity": "sha512-GyQJ+2lrhsDqeGgd1VdS7W+Y6gNYyI0B51ovNTxeZVG/W8I7t9MwEiCWsCvfm5wQgfsKp9dkzOcJrL5k8oVO/Q==",
      "dependencies": {
        "@firebase/util": "1.3.0",
        "tslib": "^2.1.0"
      }
    },
    "node_modules/@firebase/database": {
      "version": "0.12.8",
      "resolved": "https://registry.npmjs.org/@firebase/database/-/database-0.12.8.tgz",
      "integrity": "sha512-JBQVfFLzfhxlQbl4OU6ov9fdsddkytBQdtSSR49cz48homj38ccltAhK6seum+BI7f28cV2LFHF9672lcN+qxA==",
      "dependencies": {
        "@firebase/auth-interop-types": "0.1.6",
        "@firebase/component": "0.5.13",
        "@firebase/logger": "0.3.2",
        "@firebase/util": "1.5.2",
        "faye-websocket": "0.11.4",
        "tslib": "^2.1.0"
      }
    },
    "node_modules/@firebase/database/node_modules/@firebase/component": {
      "version": "0.5.13",
      "resolved": "https://registry.npmjs.org/@firebase/component/-/component-0.5.13.tgz",
      "integrity": "sha512-hxhJtpD8Ppf/VU2Rlos6KFCEV77TGIGD5bJlkPK1+B/WUe0mC6dTjW7KhZtXTc+qRBp9nFHWcsIORnT8liHP9w==",
      "dependencies": {
        "@firebase/util": "1.5.2",
        "tslib": "^2.1.0"
      }
    },
    "node_modules/@firebase/database/node_modules/@firebase/logger": {
      "version": "0.3.2",
      "resolved": "https://registry.npmjs.org/@firebase/logger/-/logger-0.3.2.tgz",
      "integrity": "sha512-lzLrcJp9QBWpo40OcOM9B8QEtBw2Fk1zOZQdvv+rWS6gKmhQBCEMc4SMABQfWdjsylBcDfniD1Q+fUX1dcBTXA==",
      "dependencies": {
        "tslib": "^2.1.0"
      }
    },
    "node_modules/@firebase/database/node_modules/@firebase/util": {
      "version": "1.5.2",
      "resolved": "https://registry.npmjs.org/@firebase/util/-/util-1.5.2.tgz",
      "integrity": "sha512-YvBH2UxFcdWG2HdFnhxZptPl2eVFlpOyTH66iDo13JPEYraWzWToZ5AMTtkyRHVmu7sssUpQlU9igy1KET7TOw==",
      "dependencies": {
        "tslib": "^2.1.0"
      }
    },
    "node_modules/@firebase/logger": {
      "version": "0.2.6",
      "resolved": "https://registry.npmjs.org/@firebase/logger/-/logger-0.2.6.tgz",
      "integrity": "sha512-KIxcUvW/cRGWlzK9Vd2KB864HlUnCfdTH0taHE0sXW5Xl7+W68suaeau1oKNEqmc3l45azkd4NzXTCWZRZdXrw=="
    },
    "node_modules/@firebase/util": {
      "version": "1.3.0",
      "resolved": "https://registry.npmjs.org/@firebase/util/-/util-1.3.0.tgz",
      "integrity": "sha512-SESvmYwuKOVCZ1ZxLbberbx+9cnbxpCa4CG2FUSQYqN6Ab8KyltegMDIsqMw5KyIBZ4n1phfHoOa22xo5NzAlQ==",
      "dependencies": {
        "tslib": "^2.1.0"
      }
    },
    "node_modules/@kurkle/color": {
      "version": "0.3.2",
      "resolved": "https://registry.npmjs.org/@kurkle/color/-/color-0.3.2.tgz",
      "integrity": "sha512-fuscdXJ9G1qb7W8VdHi+IwRqij3lBkosAm4ydQtEmbY58OzHXqQhvlxqEkoz0yssNVn38bcpRWgA9PP+OGoisw=="
    },
    "node_modules/chart.js": {
      "version": "4.4.3",
      "resolved": "https://registry.npmjs.org/chart.js/-/chart.js-4.4.3.tgz",
      "integrity": "sha512-qK1gkGSRYcJzqrrzdR6a+I0vQ4/R+SoODXyAjscQ/4mzuNzySaMCd+hyVxitSY1+L2fjPD1Gbn+ibNqRmwQeLw==",
      "dependencies": {
        "@kurkle/color": "^0.3.0"
      },
      "engines": {
        "pnpm": ">=8"
      }
    },
    "node_modules/chartjs-adapter-date-fns": {
      "version": "3.0.0",
      "resolved": "https://registry.npmjs.org/chartjs-adapter-date-fns/-/chartjs-adapter-date-fns-3.0.0.tgz",
      "integrity": "sha512-Rs3iEB3Q5pJ973J93OBTpnP7qoGwvq3nUnoMdtxO+9aoJof7UFcRbWcIDteXuYd1fgAvct/32T9qaLyLuZVwCg==",
      "peerDependencies": {
        "chart.js": ">=2.8.0",
        "date-fns": ">=2.0.0"
      }
    },
    "node_modules/date-fns": {
      "version": "3.6.0",
      "resolved": "https://registry.npmjs.org/date-fns/-/date-fns-3.6.0.tgz",
      "integrity": "sha512-fRHTG8g/Gif+kSh50gaGEdToemgfj74aRX3swtiouboip5JDLAyDE9F11nHMIcvOaXeOC6D7SpNhi7uFyB7Uww==",
      "peer": true,
      "funding": {
        "type": "github",
        "url": "https://github.com/sponsors/kossnocorp"
      }
    },
    "node_modules/dom-storage": {
      "version": "2.1.0",
      "resolved": "https://registry.npmjs.org/dom-storage/-/dom-storage-2.1.0.tgz",
      "integrity": "sha512-g6RpyWXzl0RR6OTElHKBl7nwnK87GUyZMYC7JWsB/IA73vpqK2K6LT39x4VepLxlSsWBFrPVLnsSR5Jyty0+2Q==",
      "engines": {
        "node": "*"
      }
    },
    "node_modules/faye-websocket": {
      "version": "0.11.4",
      "resolved": "https://registry.npmjs.org/faye-websocket/-/faye-websocket-0.11.4.tgz",
      "integrity": "sha512-CzbClwlXAuiRQAlUyfqPgvPoNKTckTPGfwZV4ZdAhVcP2lh9KUxJg2b5GkE7XbjKQ3YJnQ9z6D9ntLAlB+tP8g==",
      "dependencies": {
        "websocket-driver": ">=0.5.1"
      },
      "engines": {
        "node": ">=0.8.0"
      }
    },
    "node_modules/http-parser-js": {
      "version": "0.5.8",
      "resolved": "https://registry.npmjs.org/http-parser-js/-/http-parser-js-0.5.8.tgz",
      "integrity": "sha512-SGeBX54F94Wgu5RH3X5jsDtf4eHyRogWX1XGT3b4HuW3tQPM4AaBzoUji/4AAJNXCEOWZ5O0DgZmJw1947gD5Q=="
    },
    "node_modules/safe-buffer": {
      "version": "5.2.1",
      "resolved": "https://registry.npmjs.org/safe-buffer/-/safe-buffer-5.2.1.tgz",
      "integrity": "sha512-rp3So07KcdmmKbGvgaNxQSJr7bGVSVk5S9Eq1F+ppbRo70+YeaDxkw5Dd8NPN+GD6bjnYm2VuPuCXmpuYvmCXQ==",
      "funding": [
        {
          "type": "github",
          "url": "https://github.com/sponsors/feross"
        },
        {
          "type": "patreon",
          "url": "https://www.patreon.com/feross"
        },
        {
          "type": "consulting",
          "url": "https://feross.org/support"
        }
      ]
    },
    "node_modules/tslib": {
      "version": "2.6.3",
      "resolved": "https://registry.npmjs.org/tslib/-/tslib-2.6.3.tgz",
      "integrity": "sha512-xNvxJEOUiWPGhUuUdQgAJPKOOJfGnIyKySOc09XkKsgdUV/3E2zvwZYdejjmRgPCgcym1juLH3226yA7sEFJKQ=="
    },
    "node_modules/websocket-driver": {
      "version": "0.7.4",
      "resolved": "https://registry.npmjs.org/websocket-driver/-/websocket-driver-0.7.4.tgz",
      "integrity": "sha512-b17KeDIQVjvb0ssuSDF2cYXSg2iztliJ4B9WdsuB6J952qCPKmnVq4DyW5motImXHDC1cBT/1UezrJVsKw5zjg==",
      "dependencies": {
        "http-parser-js": ">=0.5.1",
        "safe-buffer": ">=5.1.0",
        "websocket-extensions": ">=0.1.1"
      },
      "engines": {
        "node": ">=0.8.0"
      }
    },
    "node_modules/websocket-extensions": {
      "version": "0.1.4",
      "resolved": "https://registry.npmjs.org/websocket-extensions/-/websocket-extensions-0.1.4.tgz",
      "integrity": "sha512-OqedPIGOfsDlo31UNwYbCFMSaO9m9G/0faIHj5/dZFDMFqPTcx6UwqyOy3COEaEOg/9VsGIpdqn62W5KhoKSpg==",
      "engines": {
        "node": ">=0.8.0"
      }
    },
    "node_modules/xmlhttprequest": {
      "version": "1.8.0",
      "resolved": "https://registry.npmjs.org/xmlhttprequest/-/xmlhttprequest-1.8.0.tgz",
      "integrity": "sha512-58Im/U0mlVBLM38NdZjHyhuMtCqa61469k2YP/AaPbvCoV9aQGUpbJBj1QRm2ytRiVQBD/fsw7L2bJGDVQswBA==",
      "engines": {
        "node": ">=0.4.0"
      }
    }
  }
}
